
Microsoft Visual Studio Solution File, Format Version 12.00
# Visual Studio Version 17
VisualStudioVersion = 17.2.32616.157
MinimumVisualStudioVersion = 10.0.40219.1
Project("{FAE04EC0-301F-11D3-BF4B-00C04F79EFBC}") = "Disney", "Disney\Disney.csproj", "{0BCAD151-1B8F-4215-9593-8E0C47E918FB}"
EndProject
Global
	GlobalSection(SolutionConfigurationPlatforms) = preSolution
		Debug|Any CPU = Debug|Any CPU
		Release|Any CPU = Release|Any CPU
	EndGlobalSection
	GlobalSection(ProjectConfigurationPlatforms) = postSolution
		{0BCAD151-1B8F-4215-9593-8E0C47E918FB}.Debug|Any CPU.ActiveCfg = Debug|Any CPU
		{0BCAD151-1B8F-4215-9593-8E0C47E918FB}.Debug|Any CPU.Build.0 = Debug|Any CPU
		{0BCAD151-1B8F-4215-9593-8E0C47E918FB}.Release|Any CPU.ActiveCfg = Release|Any CPU
		{0BCAD151-1B8F-4215-9593-8E0C47E918FB}.Release|Any CPU.Build.0 = Release|Any CPU
	EndGlobalSection
	GlobalSection(SolutionProperties) = preSolution
		HideSolutionNode = FALSE
	EndGlobalSection
	GlobalSection(ExtensibilityGlobals) = postSolution
		SolutionGuid = {89B3434C-DF9B-4050-B1E1-2E030399608C}
	EndGlobalSection
EndGlobal
